
Microsoft Visual Studio Solution File, Format Version 12.00
# Visual Studio Version 17
VisualStudioVersion = 17.0.32112.339
MinimumVisualStudioVersion = 10.0.40219.1
Project("{FAE04EC0-301F-11D3-BF4B-00C04F79EFBC}") = "WebAPI", "WebAPI\WebAPI.csproj", "{DAB84ACC-99CB-499A-AFE3-1C075F9A2595}"
EndProject
Project("{FAE04EC0-301F-11D3-BF4B-00C04F79EFBC}") = "Entity", "Entity\Entity.csproj", "{49072F8B-6425-42E8-8CD0-BB6B87D4B572}"
EndProject
Project("{FAE04EC0-301F-11D3-BF4B-00C04F79EFBC}") = "Core", "Core\Core.csproj", "{8AA08A07-5F8E-40F8-A663-059D501DA7CE}"
EndProject
Project("{FAE04EC0-301F-11D3-BF4B-00C04F79EFBC}") = "DataAccess", "DataAccess\DataAccess.csproj", "{03E05D8D-635A-4A38-9BC6-EEDFC2772E19}"
EndProject
Project("{FAE04EC0-301F-11D3-BF4B-00C04F79EFBC}") = "BusinessLogic", "BusinessLogic\BusinessLogic.csproj", "{59CF0B28-53C4-4593-BB9B-45F7DA10F262}"
EndProject
Global
	GlobalSection(SolutionConfigurationPlatforms) = preSolution
		Debug|Any CPU = Debug|Any CPU
		Release|Any CPU = Release|Any CPU
	EndGlobalSection
	GlobalSection(ProjectConfigurationPlatforms) = postSolution
		{DAB84ACC-99CB-499A-AFE3-1C075F9A2595}.Debug|Any CPU.ActiveCfg = Debug|Any CPU
		{DAB84ACC-99CB-499A-AFE3-1C075F9A2595}.Debug|Any CPU.Build.0 = Debug|Any CPU
		{DAB84ACC-99CB-499A-AFE3-1C075F9A2595}.Release|Any CPU.ActiveCfg = Release|Any CPU
		{DAB84ACC-99CB-499A-AFE3-1C075F9A2595}.Release|Any CPU.Build.0 = Release|Any CPU
		{49072F8B-6425-42E8-8CD0-BB6B87D4B572}.Debug|Any CPU.ActiveCfg = Debug|Any CPU
		{49072F8B-6425-42E8-8CD0-BB6B87D4B572}.Debug|Any CPU.Build.0 = Debug|Any CPU
		{49072F8B-6425-42E8-8CD0-BB6B87D4B572}.Release|Any CPU.ActiveCfg = Release|Any CPU
		{49072F8B-6425-42E8-8CD0-BB6B87D4B572}.Release|Any CPU.Build.0 = Release|Any CPU
		{8AA08A07-5F8E-40F8-A663-059D501DA7CE}.Debug|Any CPU.ActiveCfg = Debug|Any CPU
		{8AA08A07-5F8E-40F8-A663-059D501DA7CE}.Debug|Any CPU.Build.0 = Debug|Any CPU
		{8AA08A07-5F8E-40F8-A663-059D501DA7CE}.Release|Any CPU.ActiveCfg = Release|Any CPU
		{8AA08A07-5F8E-40F8-A663-059D501DA7CE}.Release|Any CPU.Build.0 = Release|Any CPU
		{03E05D8D-635A-4A38-9BC6-EEDFC2772E19}.Debug|Any CPU.ActiveCfg = Debug|Any CPU
		{03E05D8D-635A-4A38-9BC6-EEDFC2772E19}.Debug|Any CPU.Build.0 = Debug|Any CPU
		{03E05D8D-635A-4A38-9BC6-EEDFC2772E19}.Release|Any CPU.ActiveCfg = Release|Any CPU
		{03E05D8D-635A-4A38-9BC6-EEDFC2772E19}.Release|Any CPU.Build.0 = Release|Any CPU
		{59CF0B28-53C4-4593-BB9B-45F7DA10F262}.Debug|Any CPU.ActiveCfg = Debug|Any CPU
		{59CF0B28-53C4-4593-BB9B-45F7DA10F262}.Debug|Any CPU.Build.0 = Debug|Any CPU
		{59CF0B28-53C4-4593-BB9B-45F7DA10F262}.Release|Any CPU.ActiveCfg = Release|Any CPU
		{59CF0B28-53C4-4593-BB9B-45F7DA10F262}.Release|Any CPU.Build.0 = Release|Any CPU
	EndGlobalSection
	GlobalSection(SolutionProperties) = preSolution
		HideSolutionNode = FALSE
	EndGlobalSection
	GlobalSection(ExtensibilityGlobals) = postSolution
		SolutionGuid = {1AA591BD-7A00-4E20-A662-1EB993D7074D}
	EndGlobalSection
EndGlobal
